
Microsoft Visual Studio Solution File, Format Version 11.00
# Visual Studio 2010
Project("{2150E333-8FDC-42A3-9474-1A3956D46DE8}") = "src", "src", "{E1C08EFB-50EE-49B8-A3AB-A7C7698FC2B9}"
EndProject
Project("{2150E333-8FDC-42A3-9474-1A3956D46DE8}") = "sample", "sample", "{EFA3D0B8-5EA9-4DCC-8A4F-51F0CC108368}"
EndProject
Project("{FAE04EC0-301F-11D3-BF4B-00C04F79EFBC}") = "NES", "src\NES\NES.csproj", "{EC7040E2-7A13-4447-900D-6ED57328E5DF}"
EndProject
Project("{FAE04EC0-301F-11D3-BF4B-00C04F79EFBC}") = "NES.Tests", "src\NES.Tests\NES.Tests.csproj", "{3A7B4387-EDAC-45C7-B99B-583A3B26F483}"
EndProject
Project("{FAE04EC0-301F-11D3-BF4B-00C04F79EFBC}") = "NES.Sample", "sample\NES.Sample\NES.Sample.csproj", "{C56DB675-874E-40CC-B1A1-EFFEA2859D69}"
EndProject
Project("{FAE04EC0-301F-11D3-BF4B-00C04F79EFBC}") = "NES.Sample.Tests", "sample\NES.Sample.Tests\NES.Sample.Tests.csproj", "{A0F9A970-CCF4-4D10-985C-4EE718537C76}"
EndProject
Project("{FAE04EC0-301F-11D3-BF4B-00C04F79EFBC}") = "NES.Sample.Web", "sample\NES.Sample.Web\NES.Sample.Web.csproj", "{805744B5-831C-4A86-A1A3-A61E777AB74B}"
EndProject
Global
	GlobalSection(SolutionConfigurationPlatforms) = preSolution
		Debug|Any CPU = Debug|Any CPU
		Release|Any CPU = Release|Any CPU
	EndGlobalSection
	GlobalSection(ProjectConfigurationPlatforms) = postSolution
		{EC7040E2-7A13-4447-900D-6ED57328E5DF}.Debug|Any CPU.ActiveCfg = Debug|Any CPU
		{EC7040E2-7A13-4447-900D-6ED57328E5DF}.Debug|Any CPU.Build.0 = Debug|Any CPU
		{EC7040E2-7A13-4447-900D-6ED57328E5DF}.Release|Any CPU.ActiveCfg = Release|Any CPU
		{EC7040E2-7A13-4447-900D-6ED57328E5DF}.Release|Any CPU.Build.0 = Release|Any CPU
		{3A7B4387-EDAC-45C7-B99B-583A3B26F483}.Debug|Any CPU.ActiveCfg = Debug|Any CPU
		{3A7B4387-EDAC-45C7-B99B-583A3B26F483}.Debug|Any CPU.Build.0 = Debug|Any CPU
		{3A7B4387-EDAC-45C7-B99B-583A3B26F483}.Release|Any CPU.ActiveCfg = Release|Any CPU
		{3A7B4387-EDAC-45C7-B99B-583A3B26F483}.Release|Any CPU.Build.0 = Release|Any CPU
		{C56DB675-874E-40CC-B1A1-EFFEA2859D69}.Debug|Any CPU.ActiveCfg = Debug|Any CPU
		{C56DB675-874E-40CC-B1A1-EFFEA2859D69}.Debug|Any CPU.Build.0 = Debug|Any CPU
		{C56DB675-874E-40CC-B1A1-EFFEA2859D69}.Release|Any CPU.ActiveCfg = Release|Any CPU
		{C56DB675-874E-40CC-B1A1-EFFEA2859D69}.Release|Any CPU.Build.0 = Release|Any CPU
		{A0F9A970-CCF4-4D10-985C-4EE718537C76}.Debug|Any CPU.ActiveCfg = Debug|Any CPU
		{A0F9A970-CCF4-4D10-985C-4EE718537C76}.Debug|Any CPU.Build.0 = Debug|Any CPU
		{A0F9A970-CCF4-4D10-985C-4EE718537C76}.Release|Any CPU.ActiveCfg = Release|Any CPU
		{A0F9A970-CCF4-4D10-985C-4EE718537C76}.Release|Any CPU.Build.0 = Release|Any CPU
		{805744B5-831C-4A86-A1A3-A61E777AB74B}.Debug|Any CPU.ActiveCfg = Debug|Any CPU
		{805744B5-831C-4A86-A1A3-A61E777AB74B}.Debug|Any CPU.Build.0 = Debug|Any CPU
		{805744B5-831C-4A86-A1A3-A61E777AB74B}.Release|Any CPU.ActiveCfg = Release|Any CPU
		{805744B5-831C-4A86-A1A3-A61E777AB74B}.Release|Any CPU.Build.0 = Release|Any CPU
	EndGlobalSection
	GlobalSection(SolutionProperties) = preSolution
		HideSolutionNode = FALSE
	EndGlobalSection
	GlobalSection(NestedProjects) = preSolution
		{EC7040E2-7A13-4447-900D-6ED57328E5DF} = {E1C08EFB-50EE-49B8-A3AB-A7C7698FC2B9}
		{3A7B4387-EDAC-45C7-B99B-583A3B26F483} = {E1C08EFB-50EE-49B8-A3AB-A7C7698FC2B9}
		{C56DB675-874E-40CC-B1A1-EFFEA2859D69} = {EFA3D0B8-5EA9-4DCC-8A4F-51F0CC108368}
		{A0F9A970-CCF4-4D10-985C-4EE718537C76} = {EFA3D0B8-5EA9-4DCC-8A4F-51F0CC108368}
		{805744B5-831C-4A86-A1A3-A61E777AB74B} = {EFA3D0B8-5EA9-4DCC-8A4F-51F0CC108368}
	EndGlobalSection
EndGlobal
