
Microsoft Visual Studio Solution File, Format Version 12.00
# Visual Studio 2012
Project("{FAE04EC0-301F-11D3-BF4B-00C04F79EFBC}") = "NES.Sample", "NES.Sample\NES.Sample.csproj", "{C56DB675-874E-40CC-B1A1-EFFEA2859D69}"
EndProject
Project("{FAE04EC0-301F-11D3-BF4B-00C04F79EFBC}") = "NES.Sample.Web", "NES.Sample.Web\NES.Sample.Web.csproj", "{805744B5-831C-4A86-A1A3-A61E777AB74B}"
EndProject
Project("{FAE04EC0-301F-11D3-BF4B-00C04F79EFBC}") = "NES", "..\src\NES\NES.csproj", "{EC7040E2-7A13-4447-900D-6ED57328E5DF}"
EndProject
Project("{FAE04EC0-301F-11D3-BF4B-00C04F79EFBC}") = "NES.Sample.Tests", "NES.Sample.Tests\NES.Sample.Tests.csproj", "{A0F9A970-CCF4-4D10-985C-4EE718537C76}"
EndProject
Project("{FAE04EC0-301F-11D3-BF4B-00C04F79EFBC}") = "NES.EventStore", "..\src\NES.EventStore\NES.EventStore.csproj", "{3FD2B750-D1CF-4344-9969-FF9DA63F9C53}"
EndProject
Project("{FAE04EC0-301F-11D3-BF4B-00C04F79EFBC}") = "NES.NServiceBus", "..\src\NES.NServiceBus\NES.NServiceBus.csproj", "{8EAE9DC8-5CF2-47BE-8FDF-00891682F221}"
EndProject
Global
	GlobalSection(TestCaseManagementSettings) = postSolution
		CategoryFile = NES.Sample.vsmdi
	EndGlobalSection
	GlobalSection(SolutionConfigurationPlatforms) = preSolution
		Debug|Any CPU = Debug|Any CPU
		Release|Any CPU = Release|Any CPU
	EndGlobalSection
	GlobalSection(ProjectConfigurationPlatforms) = postSolution
		{C56DB675-874E-40CC-B1A1-EFFEA2859D69}.Debug|Any CPU.ActiveCfg = Debug|Any CPU
		{C56DB675-874E-40CC-B1A1-EFFEA2859D69}.Debug|Any CPU.Build.0 = Debug|Any CPU
		{C56DB675-874E-40CC-B1A1-EFFEA2859D69}.Release|Any CPU.ActiveCfg = Release|Any CPU
		{C56DB675-874E-40CC-B1A1-EFFEA2859D69}.Release|Any CPU.Build.0 = Release|Any CPU
		{805744B5-831C-4A86-A1A3-A61E777AB74B}.Debug|Any CPU.ActiveCfg = Debug|Any CPU
		{805744B5-831C-4A86-A1A3-A61E777AB74B}.Debug|Any CPU.Build.0 = Debug|Any CPU
		{805744B5-831C-4A86-A1A3-A61E777AB74B}.Release|Any CPU.ActiveCfg = Release|Any CPU
		{805744B5-831C-4A86-A1A3-A61E777AB74B}.Release|Any CPU.Build.0 = Release|Any CPU
		{EC7040E2-7A13-4447-900D-6ED57328E5DF}.Debug|Any CPU.ActiveCfg = Debug|Any CPU
		{EC7040E2-7A13-4447-900D-6ED57328E5DF}.Debug|Any CPU.Build.0 = Debug|Any CPU
		{EC7040E2-7A13-4447-900D-6ED57328E5DF}.Release|Any CPU.ActiveCfg = Release|Any CPU
		{EC7040E2-7A13-4447-900D-6ED57328E5DF}.Release|Any CPU.Build.0 = Release|Any CPU
		{A0F9A970-CCF4-4D10-985C-4EE718537C76}.Debug|Any CPU.ActiveCfg = Debug|Any CPU
		{A0F9A970-CCF4-4D10-985C-4EE718537C76}.Debug|Any CPU.Build.0 = Debug|Any CPU
		{A0F9A970-CCF4-4D10-985C-4EE718537C76}.Release|Any CPU.ActiveCfg = Release|Any CPU
		{A0F9A970-CCF4-4D10-985C-4EE718537C76}.Release|Any CPU.Build.0 = Release|Any CPU
		{3FD2B750-D1CF-4344-9969-FF9DA63F9C53}.Debug|Any CPU.ActiveCfg = Debug|Any CPU
		{3FD2B750-D1CF-4344-9969-FF9DA63F9C53}.Debug|Any CPU.Build.0 = Debug|Any CPU
		{3FD2B750-D1CF-4344-9969-FF9DA63F9C53}.Release|Any CPU.ActiveCfg = Release|Any CPU
		{3FD2B750-D1CF-4344-9969-FF9DA63F9C53}.Release|Any CPU.Build.0 = Release|Any CPU
		{8EAE9DC8-5CF2-47BE-8FDF-00891682F221}.Debug|Any CPU.ActiveCfg = Debug|Any CPU
		{8EAE9DC8-5CF2-47BE-8FDF-00891682F221}.Debug|Any CPU.Build.0 = Debug|Any CPU
		{8EAE9DC8-5CF2-47BE-8FDF-00891682F221}.Release|Any CPU.ActiveCfg = Release|Any CPU
		{8EAE9DC8-5CF2-47BE-8FDF-00891682F221}.Release|Any CPU.Build.0 = Release|Any CPU
	EndGlobalSection
	GlobalSection(SolutionProperties) = preSolution
		HideSolutionNode = FALSE
	EndGlobalSection
EndGlobal
