
Microsoft Visual Studio Solution File, Format Version 11.00
# Visual Studio 2010
Project("{FAE04EC0-301F-11D3-BF4B-00C04F79EFBC}") = "NES", "NES\NES.csproj", "{EC7040E2-7A13-4447-900D-6ED57328E5DF}"
EndProject
Project("{FAE04EC0-301F-11D3-BF4B-00C04F79EFBC}") = "NES.Tests", "NES.Tests\NES.Tests.csproj", "{3A7B4387-EDAC-45C7-B99B-583A3B26F483}"
EndProject
Project("{2150E333-8FDC-42A3-9474-1A3956D46DE8}") = "Solution Items", "Solution Items", "{1857CAEE-BD72-4AC6-913D-189A66F9A1BD}"
	ProjectSection(SolutionItems) = preProject
		Local.testsettings = Local.testsettings
		NES.vsmdi = NES.vsmdi
		TraceAndTestImpact.testsettings = TraceAndTestImpact.testsettings
	EndProjectSection
EndProject
Project("{FAE04EC0-301F-11D3-BF4B-00C04F79EFBC}") = "NES.EventStore", "NES.EventStore\NES.EventStore.csproj", "{3FD2B750-D1CF-4344-9969-FF9DA63F9C53}"
EndProject
Project("{FAE04EC0-301F-11D3-BF4B-00C04F79EFBC}") = "NES.NServiceBus", "NES.NServiceBus\NES.NServiceBus.csproj", "{8EAE9DC8-5CF2-47BE-8FDF-00891682F221}"
EndProject
Global
	GlobalSection(TestCaseManagementSettings) = postSolution
		CategoryFile = NES.vsmdi
	EndGlobalSection
	GlobalSection(SolutionConfigurationPlatforms) = preSolution
		Debug|Any CPU = Debug|Any CPU
		Release|Any CPU = Release|Any CPU
	EndGlobalSection
	GlobalSection(ProjectConfigurationPlatforms) = postSolution
		{EC7040E2-7A13-4447-900D-6ED57328E5DF}.Debug|Any CPU.ActiveCfg = Debug|Any CPU
		{EC7040E2-7A13-4447-900D-6ED57328E5DF}.Debug|Any CPU.Build.0 = Debug|Any CPU
		{EC7040E2-7A13-4447-900D-6ED57328E5DF}.Release|Any CPU.ActiveCfg = Release|Any CPU
		{EC7040E2-7A13-4447-900D-6ED57328E5DF}.Release|Any CPU.Build.0 = Release|Any CPU
		{3A7B4387-EDAC-45C7-B99B-583A3B26F483}.Debug|Any CPU.ActiveCfg = Debug|Any CPU
		{3A7B4387-EDAC-45C7-B99B-583A3B26F483}.Debug|Any CPU.Build.0 = Debug|Any CPU
		{3A7B4387-EDAC-45C7-B99B-583A3B26F483}.Release|Any CPU.ActiveCfg = Release|Any CPU
		{3A7B4387-EDAC-45C7-B99B-583A3B26F483}.Release|Any CPU.Build.0 = Release|Any CPU
		{3FD2B750-D1CF-4344-9969-FF9DA63F9C53}.Debug|Any CPU.ActiveCfg = Debug|Any CPU
		{3FD2B750-D1CF-4344-9969-FF9DA63F9C53}.Debug|Any CPU.Build.0 = Debug|Any CPU
		{3FD2B750-D1CF-4344-9969-FF9DA63F9C53}.Release|Any CPU.ActiveCfg = Release|Any CPU
		{3FD2B750-D1CF-4344-9969-FF9DA63F9C53}.Release|Any CPU.Build.0 = Release|Any CPU
		{8EAE9DC8-5CF2-47BE-8FDF-00891682F221}.Debug|Any CPU.ActiveCfg = Debug|Any CPU
		{8EAE9DC8-5CF2-47BE-8FDF-00891682F221}.Debug|Any CPU.Build.0 = Debug|Any CPU
		{8EAE9DC8-5CF2-47BE-8FDF-00891682F221}.Release|Any CPU.ActiveCfg = Release|Any CPU
		{8EAE9DC8-5CF2-47BE-8FDF-00891682F221}.Release|Any CPU.Build.0 = Release|Any CPU
	EndGlobalSection
	GlobalSection(SolutionProperties) = preSolution
		HideSolutionNode = FALSE
	EndGlobalSection
EndGlobal
